{
  "originHash" : "d7fd413c59394f1c1ad98282cab165bb2003297c61e50c404de10634034cb4b0",
  "pins" : [
    {
      "identity" : "suite",
      "kind" : "remoteSourceControl",
      "location" : "https://github.com/ios-tooling/Suite",
      "state" : {
        "revision" : "4d0669feeb84eb42e0314aa9f85a049e5b77f60b",
        "version" : "1.4.17"
      }
    },
    {
      "identity" : "swift-syntax",
      "kind" : "remoteSourceControl",
      "location" : "https://github.com/swiftlang/swift-syntax",
      "state" : {
        "revision" : "9de99a78f099e59caf2b2beec65a4c45d54b2081",
        "version" : "603.0.1"
      }
    }
  ],
  "version" : 3
}
